
Microsoft Visual Studio Solution File, Format Version 12.00
# Visual Studio 15
VisualStudioVersion = 15.0.26228.30
MinimumVisualStudioVersion = 10.0.40219.1
Project("{151D2E53-A2C4-4D7D-83FE-D05416EBD58E}") = "BootcampSingleAppGW", "BootcampSingleAppGW\BootcampSingleAppGW.deployproj", "{7A7DE007-E3DA-44A7-8565-EBF2934C7C0F}"
EndProject
Global
	GlobalSection(SolutionConfigurationPlatforms) = preSolution
		Debug|Any CPU = Debug|Any CPU
		Release|Any CPU = Release|Any CPU
	EndGlobalSection
	GlobalSection(ProjectConfigurationPlatforms) = postSolution
		{7A7DE007-E3DA-44A7-8565-EBF2934C7C0F}.Debug|Any CPU.ActiveCfg = Debug|Any CPU
		{7A7DE007-E3DA-44A7-8565-EBF2934C7C0F}.Debug|Any CPU.Build.0 = Debug|Any CPU
		{7A7DE007-E3DA-44A7-8565-EBF2934C7C0F}.Release|Any CPU.ActiveCfg = Release|Any CPU
		{7A7DE007-E3DA-44A7-8565-EBF2934C7C0F}.Release|Any CPU.Build.0 = Release|Any CPU
	EndGlobalSection
	GlobalSection(SolutionProperties) = preSolution
		HideSolutionNode = FALSE
	EndGlobalSection
EndGlobal
